Microsoft Visual Studio Solution File, Format Version 12.00
# Visual Studio 15
Project("{8BC9CEB8-8B4A-11D0-8D11-00A0C91BC942}") = "ALL_BUILD", "ALL_BUILD.vcxproj", "{267EDFE4-5A90-36BE-B530-9669C84EA93F}"
	ProjectSection(ProjectDependencies) = postProject
		{10E53616-DA80-3CAF-AF05-9CA353D1B9C7} = {10E53616-DA80-3CAF-AF05-9CA353D1B9C7}
		{B2A3624A-833E-3DF1-8A9D-D87DB6535CD8} = {B2A3624A-833E-3DF1-8A9D-D87DB6535CD8}
	EndProjectSection
EndProject
Project("{8BC9CEB8-8B4A-11D0-8D11-00A0C91BC942}") = "Cascade", "Cascade\Cascade.vcxproj", "{10E53616-DA80-3CAF-AF05-9CA353D1B9C7}"
	ProjectSection(ProjectDependencies) = postProject
		{B2A3624A-833E-3DF1-8A9D-D87DB6535CD8} = {B2A3624A-833E-3DF1-8A9D-D87DB6535CD8}
	EndProjectSection
EndProject
Project("{8BC9CEB8-8B4A-11D0-8D11-00A0C91BC942}") = "ZERO_CHECK", "ZERO_CHECK.vcxproj", "{B2A3624A-833E-3DF1-8A9D-D87DB6535CD8}"
	ProjectSection(ProjectDependencies) = postProject
	EndProjectSection
EndProject
Global
	GlobalSection(SolutionConfigurationPlatforms) = preSolution
		Debug|Win32 = Debug|Win32
		Release|Win32 = Release|Win32
		MinSizeRel|Win32 = MinSizeRel|Win32
		RelWithDebInfo|Win32 = RelWithDebInfo|Win32
	EndGlobalSection
	GlobalSection(ProjectConfigurationPlatforms) = postSolution
		{267EDFE4-5A90-36BE-B530-9669C84EA93F}.Debug|Win32.ActiveCfg = Debug|Win32
		{267EDFE4-5A90-36BE-B530-9669C84EA93F}.Release|Win32.ActiveCfg = Release|Win32
		{267EDFE4-5A90-36BE-B530-9669C84EA93F}.MinSizeRel|Win32.ActiveCfg = MinSizeRel|Win32
		{267EDFE4-5A90-36BE-B530-9669C84EA93F}.RelWithDebInfo|Win32.ActiveCfg = RelWithDebInfo|Win32
		{10E53616-DA80-3CAF-AF05-9CA353D1B9C7}.Debug|Win32.ActiveCfg = Debug|Win32
		{10E53616-DA80-3CAF-AF05-9CA353D1B9C7}.Debug|Win32.Build.0 = Debug|Win32
		{10E53616-DA80-3CAF-AF05-9CA353D1B9C7}.Release|Win32.ActiveCfg = Release|Win32
		{10E53616-DA80-3CAF-AF05-9CA353D1B9C7}.Release|Win32.Build.0 = Release|Win32
		{10E53616-DA80-3CAF-AF05-9CA353D1B9C7}.MinSizeRel|Win32.ActiveCfg = MinSizeRel|Win32
		{10E53616-DA80-3CAF-AF05-9CA353D1B9C7}.MinSizeRel|Win32.Build.0 = MinSizeRel|Win32
		{10E53616-DA80-3CAF-AF05-9CA353D1B9C7}.RelWithDebInfo|Win32.ActiveCfg = RelWithDebInfo|Win32
		{10E53616-DA80-3CAF-AF05-9CA353D1B9C7}.RelWithDebInfo|Win32.Build.0 = RelWithDebInfo|Win32
		{B2A3624A-833E-3DF1-8A9D-D87DB6535CD8}.Debug|Win32.ActiveCfg = Debug|Win32
		{B2A3624A-833E-3DF1-8A9D-D87DB6535CD8}.Debug|Win32.Build.0 = Debug|Win32
		{B2A3624A-833E-3DF1-8A9D-D87DB6535CD8}.Release|Win32.ActiveCfg = Release|Win32
		{B2A3624A-833E-3DF1-8A9D-D87DB6535CD8}.Release|Win32.Build.0 = Release|Win32
		{B2A3624A-833E-3DF1-8A9D-D87DB6535CD8}.MinSizeRel|Win32.ActiveCfg = MinSizeRel|Win32
		{B2A3624A-833E-3DF1-8A9D-D87DB6535CD8}.MinSizeRel|Win32.Build.0 = MinSizeRel|Win32
		{B2A3624A-833E-3DF1-8A9D-D87DB6535CD8}.RelWithDebInfo|Win32.ActiveCfg = RelWithDebInfo|Win32
		{B2A3624A-833E-3DF1-8A9D-D87DB6535CD8}.RelWithDebInfo|Win32.Build.0 = RelWithDebInfo|Win32
	EndGlobalSection
	GlobalSection(ExtensibilityGlobals) = postSolution
		SolutionGuid = {E2A4DD06-4926-3242-B591-9997B9D65255}
	EndGlobalSection
	GlobalSection(ExtensibilityAddIns) = postSolution
	EndGlobalSection
EndGlobal
