<?xml version="1.0" encoding="utf-8"?>
<Project ToolsVersion="15.0" xmlns="http://schemas.microsoft.com/developer/msbuild/2003">
  <ItemGroup>
    <CustomBuild Include="C:\Users\Carbonara\Desktop\GIT-PROJECTS\FROMSCRATCH\Cascade\Cascade\CMakeFiles\96ca788ae321ab6f9f3bc1bb293656eb\generate.stamp.rule">
      <Filter>CMake Rules</Filter>
    </CustomBuild>
  </ItemGroup>
  <ItemGroup>
    <Filter Include="CMake Rules">
      <UniqueIdentifier>{7946C3BC-918B-38F1-9D56-39FC89B768F6}</UniqueIdentifier>
    </Filter>
  </ItemGroup>
</Project>
